Microsoft Visual Studio Solution File, Format Version 12.00
# Visual Studio Version 17
VisualStudioVersion = 17.5.2.0
MinimumVisualStudioVersion = 10.0.40219.1
Project("{FAE04EC0-301F-11D3-BF4B-00C04F79EFBC}") = "Detrov2", "Detrov2.csproj", "{912DEFEB-A830-B9F7-90C7-F6951BF6A7AB}"
EndProject
Global
	GlobalSection(SolutionConfigurationPlatforms) = preSolution
		Debug|Any CPU = Debug|Any CPU
		Release|Any CPU = Release|Any CPU
	EndGlobalSection
	GlobalSection(ProjectConfigurationPlatforms) = postSolution
		{912DEFEB-A830-B9F7-90C7-F6951BF6A7AB}.Debug|Any CPU.ActiveCfg = Debug|Any CPU
		{912DEFEB-A830-B9F7-90C7-F6951BF6A7AB}.Debug|Any CPU.Build.0 = Debug|Any CPU
		{912DEFEB-A830-B9F7-90C7-F6951BF6A7AB}.Release|Any CPU.ActiveCfg = Release|Any CPU
		{912DEFEB-A830-B9F7-90C7-F6951BF6A7AB}.Release|Any CPU.Build.0 = Release|Any CPU
	EndGlobalSection
	GlobalSection(SolutionProperties) = preSolution
		HideSolutionNode = FALSE
	EndGlobalSection
	GlobalSection(ExtensibilityGlobals) = postSolution
		SolutionGuid = {33906DD4-1B84-4C6C-BC59-38E0E203F690}
	EndGlobalSection
EndGlobal
